
Microsoft Visual Studio Solution File, Format Version 12.00
Project("{2150E333-8FDC-42A3-9474-1A3956D46DE8}") = "01_exceptions_person_datum", "01_exceptions_person_datum", "{6265E9DC-01C0-463F-A41C-05D93BF623F1}"
EndProject
Project("{FAE04EC0-301F-11D3-BF4B-00C04F79EFBC}") = "aufgabe1", "aufgabe1\aufgabe1.csproj", "{D46217D5-1350-4583-BAA6-3945F81CE41E}"
EndProject
Project("{2150E333-8FDC-42A3-9474-1A3956D46DE8}") = "02_exceptions_zuege", "02_exceptions_zuege", "{B2A94DAD-F896-47E3-9054-243B3F0C8CA8}"
EndProject
Project("{FAE04EC0-301F-11D3-BF4B-00C04F79EFBC}") = "aufgabe_zuege", "aufgabe_zuege\aufgabe_zuege.csproj", "{5A12DC01-FDB1-4EED-81E6-B0A7208C59CE}"
EndProject
Project("{2150E333-8FDC-42A3-9474-1A3956D46DE8}") = "02_regex", "02_regex", "{D3ABA782-9544-4D82-A388-6C2EF46D8CF3}"
EndProject
Project("{FAE04EC0-301F-11D3-BF4B-00C04F79EFBC}") = "01_froschkoenig", "01_froschkoenig\01_froschkoenig.csproj", "{ADF585CF-415B-4DEB-825D-1EA7EFB8C981}"
EndProject
Project("{2150E333-8FDC-42A3-9474-1A3956D46DE8}") = "03_generics", "03_generics", "{58C04F20-F212-49CD-9E6C-CA201A61F380}"
EndProject
Project("{FAE04EC0-301F-11D3-BF4B-00C04F79EFBC}") = "aufgabe_flaschen", "aufgabe_flaschen\aufgabe_flaschen.csproj", "{F4C176D8-EED5-4E91-9236-275A47474F37}"
EndProject
Project("{FAE04EC0-301F-11D3-BF4B-00C04F79EFBC}") = "aufgabe_simplelist", "aufgabe_simplelist\aufgabe_simplelist.csproj", "{4703EC56-F93E-4666-B770-9E89A52DC118}"
EndProject
Project("{FAE04EC0-301F-11D3-BF4B-00C04F79EFBC}") = "aufgabe_binarysearchtree", "aufgabe_binarysearchtree\aufgabe_binarysearchtree.csproj", "{BCF95AA4-56DA-491E-A012-B7B01F5CA31E}"
EndProject
Project("{2150E333-8FDC-42A3-9474-1A3956D46DE8}") = "04_indexer", "04_indexer", "{73C0642A-2CEC-43BD-8A8D-E59F7802F185}"
EndProject
Project("{FAE04EC0-301F-11D3-BF4B-00C04F79EFBC}") = "aufgabe_indexer_simplelist", "aufgabe_indexer_simplelist\aufgabe_indexer_simplelist.csproj", "{328E6A9B-EE96-4BDD-8B02-93DA58B55524}"
EndProject
Project("{2150E333-8FDC-42A3-9474-1A3956D46DE8}") = "05_collections", "05_collections", "{EDA1E33F-37C1-4BF4-91CA-00D2AF93852A}"
EndProject
Project("{FAE04EC0-301F-11D3-BF4B-00C04F79EFBC}") = "aufgabe_collection_tac", "aufgabe_collection_tac\aufgabe_collection_tac.csproj", "{2038A181-6B3E-418D-819F-2CF6ACE6AD27}"
EndProject
Project("{FAE04EC0-301F-11D3-BF4B-00C04F79EFBC}") = "aufgabe_collection_mathexpression", "aufgabe_collection_mathexpression\aufgabe_collection_mathexpression.csproj", "{D49D5C1B-8C71-476C-9120-E6C8FB348A4B}"
EndProject
Project("{FAE04EC0-301F-11D3-BF4B-00C04F79EFBC}") = "aufgabe_collection_worthaeufigkeit", "aufgabe_collection_worthaeufigkeit\aufgabe_collection_worthaeufigkeit.csproj", "{E9659DC1-8E44-4BDE-BBA0-3ABA34FD7407}"
EndProject
Project("{FAE04EC0-301F-11D3-BF4B-00C04F79EFBC}") = "aufgabe_collection_springerproblem", "aufgabe_collection_springerproblem\aufgabe_collection_springerproblem.csproj", "{45F20F92-DD9E-4561-970B-B58BF686905C}"
EndProject
Project("{2150E333-8FDC-42A3-9474-1A3956D46DE8}") = "06_delegates", "06_delegates", "{A00F9134-F316-4391-99A4-CAECEC9703CD}"
EndProject
Project("{FAE04EC0-301F-11D3-BF4B-00C04F79EFBC}") = "aufgabe_delegates_grossklein", "aufgabe_delegates_grossklein\aufgabe_delegates_grossklein.csproj", "{F6B29CAD-8309-44EA-9C58-9BCD82B19537}"
EndProject
Project("{FAE04EC0-301F-11D3-BF4B-00C04F79EFBC}") = "aufgabe_delegates_arrayminmax", "aufgabe_delegates_arrayminmax\aufgabe_delegates_arrayminmax.csproj", "{EBFC4087-E0C7-4749-9217-4C98D2E72DAE}"
EndProject
Project("{FAE04EC0-301F-11D3-BF4B-00C04F79EFBC}") = "aufgabe_delegates_logger", "aufgabe_delegates_logger\aufgabe_delegates_logger.csproj", "{FAAF04AF-2D48-465E-9F7B-43768461F913}"
EndProject
Project("{2150E333-8FDC-42A3-9474-1A3956D46DE8}") = "07_events", "07_events", "{7B40BDAE-1100-4FF7-BBE2-4F970C08077A}"
EndProject
Project("{FAE04EC0-301F-11D3-BF4B-00C04F79EFBC}") = "aufgabe_events_warpkern", "aufgabe_events_warpkern\aufgabe_events_warpkern.csproj", "{3296C759-88A1-4A2C-8984-D8DAA4760236}"
EndProject
Project("{FAE04EC0-301F-11D3-BF4B-00C04F79EFBC}") = "aufgabe_events_beobachteramfluss", "aufgabe_events_beobachteramfluss\aufgabe_events_beobachteramfluss.csproj", "{85FDD286-3DED-4D24-AE8F-74DF6DE77237}"
EndProject
Project("{FAE04EC0-301F-11D3-BF4B-00C04F79EFBC}") = "aufgabe_events_trigger", "aufgabe_events_trigger\aufgabe_events_trigger.csproj", "{13B1BA9F-54CF-444A-AB6D-FCF32A27F185}"
EndProject
Project("{2150E333-8FDC-42A3-9474-1A3956D46DE8}") = "08_dateien", "08_dateien", "{B2C1C8E0-54EC-4DB7-9544-9AF59DB3253C}"
EndProject
Project("{FAE04EC0-301F-11D3-BF4B-00C04F79EFBC}") = "aufgabe_dateien_dateisuche", "aufgabe_dateien_dateisuche\aufgabe_dateien_dateisuche.csproj", "{85B03E94-66C7-4C06-B21C-E5301510E537}"
EndProject
Project("{FAE04EC0-301F-11D3-BF4B-00C04F79EFBC}") = "aufgabe_dateien_filesystemwatcher", "aufgabe_dateien_filesystemwatcher\aufgabe_dateien_filesystemwatcher.csproj", "{BCD1AE5D-79E6-4E8A-97BD-B04075248DDF}"
EndProject
Project("{2150E333-8FDC-42A3-9474-1A3956D46DE8}") = "09_json", "09_json", "{BBD96D1A-D356-4130-ABAE-B374F8CF3B9E}"
EndProject
Project("{FAE04EC0-301F-11D3-BF4B-00C04F79EFBC}") = "aufgabe_json_verzeichnisinformationen", "aufgabe_json_verzeichnisinformationen\aufgabe_json_verzeichnisinformationen.csproj", "{A1A19635-4804-424F-8605-2835FD270837}"
EndProject
Project("{FAE04EC0-301F-11D3-BF4B-00C04F79EFBC}") = "aufgabe_json_fizzbuzz", "aufgabe_json_fizzbuzz\aufgabe_json_fizzbuzz.csproj", "{33B86928-9C68-437B-AEC8-487E9E0AF421}"
EndProject
Project("{2150E333-8FDC-42A3-9474-1A3956D46DE8}") = "10_erweiterungsmethoden", "10_erweiterungsmethoden", "{811050E6-C3EE-45C8-95FB-A901A7AF4BFE}"
EndProject
Project("{FAE04EC0-301F-11D3-BF4B-00C04F79EFBC}") = "aufgabe_erweiterungsmethoden_stringextension", "aufgabe_erweiterungsmethoden_stringextension\aufgabe_erweiterungsmethoden_stringextension.csproj", "{29A60354-D206-4882-B9CD-8A7F1F0F3CA0}"
EndProject
Project("{2150E333-8FDC-42A3-9474-1A3956D46DE8}") = "12_linq", "12_linq", "{4D8213B0-EF3D-4FAC-8916-C2C57FD49E64}"
EndProject
Project("{FAE04EC0-301F-11D3-BF4B-00C04F79EFBC}") = "aufgabe_linq_filter", "aufgabe_linq_filter\aufgabe_linq_filter.csproj", "{410E75FA-EE69-46BB-8D59-8705A6677B6C}"
EndProject
Global
	GlobalSection(SolutionConfigurationPlatforms) = preSolution
		Debug|Any CPU = Debug|Any CPU
		Release|Any CPU = Release|Any CPU
	EndGlobalSection
	GlobalSection(ProjectConfigurationPlatforms) = postSolution
		{D46217D5-1350-4583-BAA6-3945F81CE41E}.Debug|Any CPU.ActiveCfg = Debug|Any CPU
		{D46217D5-1350-4583-BAA6-3945F81CE41E}.Debug|Any CPU.Build.0 = Debug|Any CPU
		{D46217D5-1350-4583-BAA6-3945F81CE41E}.Release|Any CPU.ActiveCfg = Release|Any CPU
		{D46217D5-1350-4583-BAA6-3945F81CE41E}.Release|Any CPU.Build.0 = Release|Any CPU
		{5A12DC01-FDB1-4EED-81E6-B0A7208C59CE}.Debug|Any CPU.ActiveCfg = Debug|Any CPU
		{5A12DC01-FDB1-4EED-81E6-B0A7208C59CE}.Debug|Any CPU.Build.0 = Debug|Any CPU
		{5A12DC01-FDB1-4EED-81E6-B0A7208C59CE}.Release|Any CPU.ActiveCfg = Release|Any CPU
		{5A12DC01-FDB1-4EED-81E6-B0A7208C59CE}.Release|Any CPU.Build.0 = Release|Any CPU
		{ADF585CF-415B-4DEB-825D-1EA7EFB8C981}.Debug|Any CPU.ActiveCfg = Debug|Any CPU
		{ADF585CF-415B-4DEB-825D-1EA7EFB8C981}.Debug|Any CPU.Build.0 = Debug|Any CPU
		{ADF585CF-415B-4DEB-825D-1EA7EFB8C981}.Release|Any CPU.ActiveCfg = Release|Any CPU
		{ADF585CF-415B-4DEB-825D-1EA7EFB8C981}.Release|Any CPU.Build.0 = Release|Any CPU
		{F4C176D8-EED5-4E91-9236-275A47474F37}.Debug|Any CPU.ActiveCfg = Debug|Any CPU
		{F4C176D8-EED5-4E91-9236-275A47474F37}.Debug|Any CPU.Build.0 = Debug|Any CPU
		{F4C176D8-EED5-4E91-9236-275A47474F37}.Release|Any CPU.ActiveCfg = Release|Any CPU
		{F4C176D8-EED5-4E91-9236-275A47474F37}.Release|Any CPU.Build.0 = Release|Any CPU
		{4703EC56-F93E-4666-B770-9E89A52DC118}.Debug|Any CPU.ActiveCfg = Debug|Any CPU
		{4703EC56-F93E-4666-B770-9E89A52DC118}.Debug|Any CPU.Build.0 = Debug|Any CPU
		{4703EC56-F93E-4666-B770-9E89A52DC118}.Release|Any CPU.ActiveCfg = Release|Any CPU
		{4703EC56-F93E-4666-B770-9E89A52DC118}.Release|Any CPU.Build.0 = Release|Any CPU
		{BCF95AA4-56DA-491E-A012-B7B01F5CA31E}.Debug|Any CPU.ActiveCfg = Debug|Any CPU
		{BCF95AA4-56DA-491E-A012-B7B01F5CA31E}.Debug|Any CPU.Build.0 = Debug|Any CPU
		{BCF95AA4-56DA-491E-A012-B7B01F5CA31E}.Release|Any CPU.ActiveCfg = Release|Any CPU
		{BCF95AA4-56DA-491E-A012-B7B01F5CA31E}.Release|Any CPU.Build.0 = Release|Any CPU
		{328E6A9B-EE96-4BDD-8B02-93DA58B55524}.Debug|Any CPU.ActiveCfg = Debug|Any CPU
		{328E6A9B-EE96-4BDD-8B02-93DA58B55524}.Debug|Any CPU.Build.0 = Debug|Any CPU
		{328E6A9B-EE96-4BDD-8B02-93DA58B55524}.Release|Any CPU.ActiveCfg = Release|Any CPU
		{328E6A9B-EE96-4BDD-8B02-93DA58B55524}.Release|Any CPU.Build.0 = Release|Any CPU
		{2038A181-6B3E-418D-819F-2CF6ACE6AD27}.Debug|Any CPU.ActiveCfg = Debug|Any CPU
		{2038A181-6B3E-418D-819F-2CF6ACE6AD27}.Debug|Any CPU.Build.0 = Debug|Any CPU
		{2038A181-6B3E-418D-819F-2CF6ACE6AD27}.Release|Any CPU.ActiveCfg = Release|Any CPU
		{2038A181-6B3E-418D-819F-2CF6ACE6AD27}.Release|Any CPU.Build.0 = Release|Any CPU
		{D49D5C1B-8C71-476C-9120-E6C8FB348A4B}.Debug|Any CPU.ActiveCfg = Debug|Any CPU
		{D49D5C1B-8C71-476C-9120-E6C8FB348A4B}.Debug|Any CPU.Build.0 = Debug|Any CPU
		{D49D5C1B-8C71-476C-9120-E6C8FB348A4B}.Release|Any CPU.ActiveCfg = Release|Any CPU
		{D49D5C1B-8C71-476C-9120-E6C8FB348A4B}.Release|Any CPU.Build.0 = Release|Any CPU
		{E9659DC1-8E44-4BDE-BBA0-3ABA34FD7407}.Debug|Any CPU.ActiveCfg = Debug|Any CPU
		{E9659DC1-8E44-4BDE-BBA0-3ABA34FD7407}.Debug|Any CPU.Build.0 = Debug|Any CPU
		{E9659DC1-8E44-4BDE-BBA0-3ABA34FD7407}.Release|Any CPU.ActiveCfg = Release|Any CPU
		{E9659DC1-8E44-4BDE-BBA0-3ABA34FD7407}.Release|Any CPU.Build.0 = Release|Any CPU
		{45F20F92-DD9E-4561-970B-B58BF686905C}.Debug|Any CPU.ActiveCfg = Debug|Any CPU
		{45F20F92-DD9E-4561-970B-B58BF686905C}.Debug|Any CPU.Build.0 = Debug|Any CPU
		{45F20F92-DD9E-4561-970B-B58BF686905C}.Release|Any CPU.ActiveCfg = Release|Any CPU
		{45F20F92-DD9E-4561-970B-B58BF686905C}.Release|Any CPU.Build.0 = Release|Any CPU
		{F6B29CAD-8309-44EA-9C58-9BCD82B19537}.Debug|Any CPU.ActiveCfg = Debug|Any CPU
		{F6B29CAD-8309-44EA-9C58-9BCD82B19537}.Debug|Any CPU.Build.0 = Debug|Any CPU
		{F6B29CAD-8309-44EA-9C58-9BCD82B19537}.Release|Any CPU.ActiveCfg = Release|Any CPU
		{F6B29CAD-8309-44EA-9C58-9BCD82B19537}.Release|Any CPU.Build.0 = Release|Any CPU
		{EBFC4087-E0C7-4749-9217-4C98D2E72DAE}.Debug|Any CPU.ActiveCfg = Debug|Any CPU
		{EBFC4087-E0C7-4749-9217-4C98D2E72DAE}.Debug|Any CPU.Build.0 = Debug|Any CPU
		{EBFC4087-E0C7-4749-9217-4C98D2E72DAE}.Release|Any CPU.ActiveCfg = Release|Any CPU
		{EBFC4087-E0C7-4749-9217-4C98D2E72DAE}.Release|Any CPU.Build.0 = Release|Any CPU
		{FAAF04AF-2D48-465E-9F7B-43768461F913}.Debug|Any CPU.ActiveCfg = Debug|Any CPU
		{FAAF04AF-2D48-465E-9F7B-43768461F913}.Debug|Any CPU.Build.0 = Debug|Any CPU
		{FAAF04AF-2D48-465E-9F7B-43768461F913}.Release|Any CPU.ActiveCfg = Release|Any CPU
		{FAAF04AF-2D48-465E-9F7B-43768461F913}.Release|Any CPU.Build.0 = Release|Any CPU
		{3296C759-88A1-4A2C-8984-D8DAA4760236}.Debug|Any CPU.ActiveCfg = Debug|Any CPU
		{3296C759-88A1-4A2C-8984-D8DAA4760236}.Debug|Any CPU.Build.0 = Debug|Any CPU
		{3296C759-88A1-4A2C-8984-D8DAA4760236}.Release|Any CPU.ActiveCfg = Release|Any CPU
		{3296C759-88A1-4A2C-8984-D8DAA4760236}.Release|Any CPU.Build.0 = Release|Any CPU
		{85FDD286-3DED-4D24-AE8F-74DF6DE77237}.Debug|Any CPU.ActiveCfg = Debug|Any CPU
		{85FDD286-3DED-4D24-AE8F-74DF6DE77237}.Debug|Any CPU.Build.0 = Debug|Any CPU
		{85FDD286-3DED-4D24-AE8F-74DF6DE77237}.Release|Any CPU.ActiveCfg = Release|Any CPU
		{85FDD286-3DED-4D24-AE8F-74DF6DE77237}.Release|Any CPU.Build.0 = Release|Any CPU
		{13B1BA9F-54CF-444A-AB6D-FCF32A27F185}.Debug|Any CPU.ActiveCfg = Debug|Any CPU
		{13B1BA9F-54CF-444A-AB6D-FCF32A27F185}.Debug|Any CPU.Build.0 = Debug|Any CPU
		{13B1BA9F-54CF-444A-AB6D-FCF32A27F185}.Release|Any CPU.ActiveCfg = Release|Any CPU
		{13B1BA9F-54CF-444A-AB6D-FCF32A27F185}.Release|Any CPU.Build.0 = Release|Any CPU
		{85B03E94-66C7-4C06-B21C-E5301510E537}.Debug|Any CPU.ActiveCfg = Debug|Any CPU
		{85B03E94-66C7-4C06-B21C-E5301510E537}.Debug|Any CPU.Build.0 = Debug|Any CPU
		{85B03E94-66C7-4C06-B21C-E5301510E537}.Release|Any CPU.ActiveCfg = Release|Any CPU
		{85B03E94-66C7-4C06-B21C-E5301510E537}.Release|Any CPU.Build.0 = Release|Any CPU
		{BCD1AE5D-79E6-4E8A-97BD-B04075248DDF}.Debug|Any CPU.ActiveCfg = Debug|Any CPU
		{BCD1AE5D-79E6-4E8A-97BD-B04075248DDF}.Debug|Any CPU.Build.0 = Debug|Any CPU
		{BCD1AE5D-79E6-4E8A-97BD-B04075248DDF}.Release|Any CPU.ActiveCfg = Release|Any CPU
		{BCD1AE5D-79E6-4E8A-97BD-B04075248DDF}.Release|Any CPU.Build.0 = Release|Any CPU
		{A1A19635-4804-424F-8605-2835FD270837}.Debug|Any CPU.ActiveCfg = Debug|Any CPU
		{A1A19635-4804-424F-8605-2835FD270837}.Debug|Any CPU.Build.0 = Debug|Any CPU
		{A1A19635-4804-424F-8605-2835FD270837}.Release|Any CPU.ActiveCfg = Release|Any CPU
		{A1A19635-4804-424F-8605-2835FD270837}.Release|Any CPU.Build.0 = Release|Any CPU
		{33B86928-9C68-437B-AEC8-487E9E0AF421}.Debug|Any CPU.ActiveCfg = Debug|Any CPU
		{33B86928-9C68-437B-AEC8-487E9E0AF421}.Debug|Any CPU.Build.0 = Debug|Any CPU
		{33B86928-9C68-437B-AEC8-487E9E0AF421}.Release|Any CPU.ActiveCfg = Release|Any CPU
		{33B86928-9C68-437B-AEC8-487E9E0AF421}.Release|Any CPU.Build.0 = Release|Any CPU
		{29A60354-D206-4882-B9CD-8A7F1F0F3CA0}.Debug|Any CPU.ActiveCfg = Debug|Any CPU
		{29A60354-D206-4882-B9CD-8A7F1F0F3CA0}.Debug|Any CPU.Build.0 = Debug|Any CPU
		{29A60354-D206-4882-B9CD-8A7F1F0F3CA0}.Release|Any CPU.ActiveCfg = Release|Any CPU
		{29A60354-D206-4882-B9CD-8A7F1F0F3CA0}.Release|Any CPU.Build.0 = Release|Any CPU
		{410E75FA-EE69-46BB-8D59-8705A6677B6C}.Debug|Any CPU.ActiveCfg = Debug|Any CPU
		{410E75FA-EE69-46BB-8D59-8705A6677B6C}.Debug|Any CPU.Build.0 = Debug|Any CPU
		{410E75FA-EE69-46BB-8D59-8705A6677B6C}.Release|Any CPU.ActiveCfg = Release|Any CPU
		{410E75FA-EE69-46BB-8D59-8705A6677B6C}.Release|Any CPU.Build.0 = Release|Any CPU
	EndGlobalSection
	GlobalSection(NestedProjects) = preSolution
		{D46217D5-1350-4583-BAA6-3945F81CE41E} = {6265E9DC-01C0-463F-A41C-05D93BF623F1}
		{5A12DC01-FDB1-4EED-81E6-B0A7208C59CE} = {B2A94DAD-F896-47E3-9054-243B3F0C8CA8}
		{ADF585CF-415B-4DEB-825D-1EA7EFB8C981} = {D3ABA782-9544-4D82-A388-6C2EF46D8CF3}
		{F4C176D8-EED5-4E91-9236-275A47474F37} = {58C04F20-F212-49CD-9E6C-CA201A61F380}
		{4703EC56-F93E-4666-B770-9E89A52DC118} = {58C04F20-F212-49CD-9E6C-CA201A61F380}
		{BCF95AA4-56DA-491E-A012-B7B01F5CA31E} = {58C04F20-F212-49CD-9E6C-CA201A61F380}
		{328E6A9B-EE96-4BDD-8B02-93DA58B55524} = {73C0642A-2CEC-43BD-8A8D-E59F7802F185}
		{2038A181-6B3E-418D-819F-2CF6ACE6AD27} = {EDA1E33F-37C1-4BF4-91CA-00D2AF93852A}
		{D49D5C1B-8C71-476C-9120-E6C8FB348A4B} = {EDA1E33F-37C1-4BF4-91CA-00D2AF93852A}
		{E9659DC1-8E44-4BDE-BBA0-3ABA34FD7407} = {EDA1E33F-37C1-4BF4-91CA-00D2AF93852A}
		{45F20F92-DD9E-4561-970B-B58BF686905C} = {EDA1E33F-37C1-4BF4-91CA-00D2AF93852A}
		{F6B29CAD-8309-44EA-9C58-9BCD82B19537} = {A00F9134-F316-4391-99A4-CAECEC9703CD}
		{EBFC4087-E0C7-4749-9217-4C98D2E72DAE} = {A00F9134-F316-4391-99A4-CAECEC9703CD}
		{FAAF04AF-2D48-465E-9F7B-43768461F913} = {A00F9134-F316-4391-99A4-CAECEC9703CD}
		{3296C759-88A1-4A2C-8984-D8DAA4760236} = {7B40BDAE-1100-4FF7-BBE2-4F970C08077A}
		{85FDD286-3DED-4D24-AE8F-74DF6DE77237} = {7B40BDAE-1100-4FF7-BBE2-4F970C08077A}
		{13B1BA9F-54CF-444A-AB6D-FCF32A27F185} = {7B40BDAE-1100-4FF7-BBE2-4F970C08077A}
		{85B03E94-66C7-4C06-B21C-E5301510E537} = {B2C1C8E0-54EC-4DB7-9544-9AF59DB3253C}
		{BCD1AE5D-79E6-4E8A-97BD-B04075248DDF} = {B2C1C8E0-54EC-4DB7-9544-9AF59DB3253C}
		{A1A19635-4804-424F-8605-2835FD270837} = {BBD96D1A-D356-4130-ABAE-B374F8CF3B9E}
		{33B86928-9C68-437B-AEC8-487E9E0AF421} = {BBD96D1A-D356-4130-ABAE-B374F8CF3B9E}
		{29A60354-D206-4882-B9CD-8A7F1F0F3CA0} = {811050E6-C3EE-45C8-95FB-A901A7AF4BFE}
		{410E75FA-EE69-46BB-8D59-8705A6677B6C} = {4D8213B0-EF3D-4FAC-8916-C2C57FD49E64}
	EndGlobalSection
EndGlobal
